{
  "projects": [
    {
      "projectId": "caTPwKxj5ZrD9LQ7DMdK4Z",
      "version": "3.36.0",
      "dependencies": {},
      "lang": "ts",
      "fileLocks": [
        {
          "assetId": "caTPwKxj5ZrD9LQ7DMdK4Z",
          "type": "projectCss",
          "checksum": "e1ec850476829c38b0f9b6d4f7ac446a"
        }
      ],
      "codegenVersion": "0.0.1"
    },
    {
      "projectId": "oBJtsp5RgVpcN6KCrDTuQT",
      "version": "1.3.0",
      "dependencies": {},
      "lang": "ts",
      "fileLocks": [
        {
          "type": "globalVariant",
          "assetId": "BR2UhI7ulpvR",
          "checksum": "ce48a9445a7a344c02090d9940947f46"
        },
        {
          "type": "icon",
          "assetId": "rDjUqSUK3eUM",
          "checksum": "a2a89126e9d4f94588ec08b80e2c8776"
        },
        {
          "type": "icon",
          "assetId": "r9Upp9NbiZkf",
          "checksum": "9d7ea21cac7322ef537972a599933b4b"
        },
        {
          "type": "icon",
          "assetId": "GHdF3hS-oP_3",
          "checksum": "02d3dfd561a8ed207de1008227b92020"
        },
        {
          "type": "icon",
          "assetId": "YXreB8gS3SjV",
          "checksum": "db4f070d03de3f905832203c543bcf6e"
        },
        {
          "type": "icon",
          "assetId": "aC_QFogxt1Ko",
          "checksum": "6e77d7eb5046aa0048f78c884358c59e"
        },
        {
          "type": "icon",
          "assetId": "GRY2zHJ6uxOn",
          "checksum": "d4d7dbba341312aa2aa30a59a3e493d8"
        },
        {
          "type": "icon",
          "assetId": "jHvDymIOvRnf",
          "checksum": "5c4030efdc719735eb9121618caa758c"
        },
        {
          "type": "icon",
          "assetId": "9zdEG9CdGbdC",
          "checksum": "0ab2e03013acdec1e2ec83b11b0a6b57"
        },
        {
          "type": "icon",
          "assetId": "7Dhq6fgU-utK",
          "checksum": "1f529b3973759c146e5c7c64efaef136"
        },
        {
          "type": "icon",
          "assetId": "J8ozh55UiWsA",
          "checksum": "8cf489b7683ac894d2333453da59dc10"
        },
        {
          "type": "icon",
          "assetId": "rW7v27ONOoUe",
          "checksum": "7b2b5f99b7f8a3fd8aaf5115b1c6d860"
        },
        {
          "type": "icon",
          "assetId": "4D7uZNf6OjbV",
          "checksum": "28642b07ebd327ffa1555216f81e4308"
        },
        {
          "type": "icon",
          "assetId": "e2zWN9c_lxv7",
          "checksum": "659d5226e2d363ff32eafb9be685386a"
        },
        {
          "type": "icon",
          "assetId": "WTtCf_1I-uMv",
          "checksum": "f1fa51e41b9e49a6b1d3ca0b56281d40"
        },
        {
          "type": "icon",
          "assetId": "eZfYsLpdWQA_",
          "checksum": "0101f8083cb5bdd134a753220e14aba9"
        },
        {
          "type": "icon",
          "assetId": "NSxX1Iy4jDVL",
          "checksum": "f7ee94acc93a902b0b574c48fd0cf1a7"
        },
        {
          "type": "icon",
          "assetId": "dmfb3Ga2IoVt",
          "checksum": "0e165f3b8ff96008a34fc1559c5c5ebd"
        },
        {
          "type": "icon",
          "assetId": "BamIPHX72k5k",
          "checksum": "c80da7c2ab88ccff285cd60ba43f378b"
        },
        {
          "type": "image",
          "assetId": "ijbf5URccsnE",
          "checksum": "871858b983feb6fdf32268fce7608bc6"
        },
        {
          "type": "icon",
          "assetId": "zb1oqVXdrxPK",
          "checksum": "07ad9dc6c5e57a37b9af8c86a61bb6bf"
        },
        {
          "assetId": "oBJtsp5RgVpcN6KCrDTuQT",
          "type": "projectCss",
          "checksum": "c1c4e2808e07c97cfeb13d9cc075734c"
        },
        {
          "type": "icon",
          "assetId": "oob3UzcKBsd_",
          "checksum": "48b18a7d0f3c7534678907f308ebd125"
        },
        {
          "type": "icon",
          "assetId": "qxWwW7vbw7na",
          "checksum": "5020e76547cd1c8acc6eee036b77141c"
        }
      ],
      "codegenVersion": "0.0.1"
    },
    {
      "projectId": "sqPBLwEBBKHA2WDuGb17eV",
      "version": "0.12.0",
      "dependencies": {},
      "lang": "ts",
      "fileLocks": [
        {
          "type": "renderModule",
          "assetId": "5nirPCGmCnRD",
          "checksum": "ee7e08729f1dc171f995cf94e148f481"
        },
        {
          "type": "cssRules",
          "assetId": "5nirPCGmCnRD",
          "checksum": "ee7e08729f1dc171f995cf94e148f481"
        },
        {
          "type": "icon",
          "assetId": "Wyt3GMMsLefj",
          "checksum": "d8c88f04735c43b3f7790b0889d20e0c"
        },
        {
          "type": "icon",
          "assetId": "MbDRsJU0e3bw",
          "checksum": "92672aa6935120ebaac11939d8d127bb"
        },
        {
          "assetId": "sqPBLwEBBKHA2WDuGb17eV",
          "type": "projectCss",
          "checksum": "e1ec850476829c38b0f9b6d4f7ac446a"
        }
      ],
      "codegenVersion": "0.0.1"
    },
    {
      "projectId": "58GpZjZCWTaJ8AUhpCwt2K",
      "version": "3.25.0",
      "dependencies": {},
      "lang": "ts",
      "fileLocks": [
        {
          "assetId": "58GpZjZCWTaJ8AUhpCwt2K",
          "type": "projectCss",
          "checksum": "fd84921cc10936e6ceb458c2ae01c4bd"
        }
      ],
      "codegenVersion": "0.0.1"
    },
    {
      "projectId": "h9Dbk9ygddw7UVEq1NNhKi",
      "version": "6.0.1",
      "dependencies": {
        "sqPBLwEBBKHA2WDuGb17eV": "0.12.0",
        "oBJtsp5RgVpcN6KCrDTuQT": "1.3.0",
        "caTPwKxj5ZrD9LQ7DMdK4Z": "3.36.0"
      },
      "lang": "ts",
      "fileLocks": [
        {
          "type": "globalVariant",
          "assetId": "QmLtHiTXdNxv",
          "checksum": "1e98dc47c933788088926d8b42faad7b"
        },
        {
          "type": "renderModule",
          "assetId": "3i84rYjQRrs4",
          "checksum": "4591d7847bf0d6c8de6e2815ebd7bf76"
        },
        {
          "type": "cssRules",
          "assetId": "3i84rYjQRrs4",
          "checksum": "4591d7847bf0d6c8de6e2815ebd7bf76"
        },
        {
          "type": "renderModule",
          "assetId": "oVzoHzMf1TLl",
          "checksum": "704523a41ea9301862da72eecc47e876"
        },
        {
          "type": "cssRules",
          "assetId": "oVzoHzMf1TLl",
          "checksum": "704523a41ea9301862da72eecc47e876"
        },
        {
          "type": "renderModule",
          "assetId": "FJiI2-N1is_F",
          "checksum": "f3111ded2981f1a0da02f47ea0d68b4c"
        },
        {
          "type": "cssRules",
          "assetId": "FJiI2-N1is_F",
          "checksum": "f3111ded2981f1a0da02f47ea0d68b4c"
        },
        {
          "type": "renderModule",
          "assetId": "1bFBcAoH0lNN",
          "checksum": "917fc6f893546dacd14bb19ec127e54f"
        },
        {
          "type": "cssRules",
          "assetId": "1bFBcAoH0lNN",
          "checksum": "917fc6f893546dacd14bb19ec127e54f"
        },
        {
          "type": "renderModule",
          "assetId": "fa_t7ELXcm5k",
          "checksum": "742a47e3801129857019b5f9c87d3dba"
        },
        {
          "type": "cssRules",
          "assetId": "fa_t7ELXcm5k",
          "checksum": "742a47e3801129857019b5f9c87d3dba"
        },
        {
          "type": "renderModule",
          "assetId": "CZBpNouNw7Ui",
          "checksum": "11c27023a3db3c2c2c1b6c36a252c89f"
        },
        {
          "type": "cssRules",
          "assetId": "CZBpNouNw7Ui",
          "checksum": "11c27023a3db3c2c2c1b6c36a252c89f"
        },
        {
          "type": "icon",
          "assetId": "eCsLCdWP9DST",
          "checksum": "2bfc7e4636bd7e7fef59654fb0c1e3da"
        },
        {
          "type": "icon",
          "assetId": "xYtO5aWYRBvW",
          "checksum": "7d4e6a111d6640f786b347cca4d8ad15"
        },
        {
          "type": "icon",
          "assetId": "RqwNL88PjcHS",
          "checksum": "6badb8523227390be7d483f204068e0f"
        },
        {
          "type": "icon",
          "assetId": "_Qaeb-4Y8N07",
          "checksum": "986d20e143c950555b56927eace6c778"
        },
        {
          "assetId": "h9Dbk9ygddw7UVEq1NNhKi",
          "type": "projectCss",
          "checksum": "1b4db477ac8d148c5a0346bec561df11"
        }
      ],
      "codegenVersion": "0.0.1"
    },
    {
      "projectId": "sMdpLWyxbzDCruwMRffW2m",
      "version": "latest",
      "dependencies": {
        "h9Dbk9ygddw7UVEq1NNhKi": "6.0.1",
        "oBJtsp5RgVpcN6KCrDTuQT": "1.3.0",
        "sqPBLwEBBKHA2WDuGb17eV": "0.12.0",
        "caTPwKxj5ZrD9LQ7DMdK4Z": "3.36.0",
        "YUiM7yqBWAqsh8KSnrdj7": "0.29.0"
      },
      "lang": "ts",
      "fileLocks": [
        {
          "type": "globalVariant",
          "assetId": "qBGVzTFm0g_b",
          "checksum": "1c36a7c8b68c89d2f0d3a8a0aa23edd3"
        },
        {
          "assetId": "sMdpLWyxbzDCruwMRffW2m",
          "checksum": "28d5dbf2a966c4125e9610f3987adc69",
          "type": "globalContexts"
        },
        {
          "type": "renderModule",
          "assetId": "5bzKtjF_q24p",
          "checksum": "378f02b8338bf05eede17ef37690263a"
        },
        {
          "type": "cssRules",
          "assetId": "5bzKtjF_q24p",
          "checksum": "378f02b8338bf05eede17ef37690263a"
        },
        {
          "type": "renderModule",
          "assetId": "ZuA2HO8MLBhh",
          "checksum": "5aebec1c36d4cfacedae1159f6f264a1"
        },
        {
          "type": "cssRules",
          "assetId": "ZuA2HO8MLBhh",
          "checksum": "5aebec1c36d4cfacedae1159f6f264a1"
        },
        {
          "type": "renderModule",
          "assetId": "XhSI4pxMLR3L",
          "checksum": "a90910fc9c291b5ccf8cd96a4358e64a"
        },
        {
          "type": "cssRules",
          "assetId": "XhSI4pxMLR3L",
          "checksum": "a90910fc9c291b5ccf8cd96a4358e64a"
        },
        {
          "type": "renderModule",
          "assetId": "zLShj09Q9POm",
          "checksum": "0d58ce349969aca0ac1159de0364b176"
        },
        {
          "type": "cssRules",
          "assetId": "zLShj09Q9POm",
          "checksum": "0d58ce349969aca0ac1159de0364b176"
        },
        {
          "type": "renderModule",
          "assetId": "H6s7UfVqSPjE",
          "checksum": "8808607aa9dcc6116d5457cc3af26340"
        },
        {
          "type": "cssRules",
          "assetId": "H6s7UfVqSPjE",
          "checksum": "8808607aa9dcc6116d5457cc3af26340"
        },
        {
          "type": "renderModule",
          "assetId": "ThD_BqtT1Qyx",
          "checksum": "49e497478ba5d3ec01c90433d383b9ab"
        },
        {
          "type": "cssRules",
          "assetId": "ThD_BqtT1Qyx",
          "checksum": "49e497478ba5d3ec01c90433d383b9ab"
        },
        {
          "type": "icon",
          "assetId": "6y6ixEKeF2Sb",
          "checksum": "6f1fceafb063bbbd51c7288dc336ebb4"
        },
        {
          "type": "icon",
          "assetId": "Cfw-VAdl-_5E",
          "checksum": "dfa5243fc55bd5644e56d900f75eb34b"
        },
        {
          "type": "icon",
          "assetId": "I0wBVQs9owLc",
          "checksum": "a12e5c195d105f923a6a316400c5b542"
        },
        {
          "type": "image",
          "assetId": "kMzUGonk3GSO",
          "checksum": "140368e62053c83b4b868d882cf08e0f"
        },
        {
          "type": "image",
          "assetId": "fz0uj9IWMr22",
          "checksum": "2e41dc91d4d4471e7ab057b95da163ae"
        },
        {
          "type": "icon",
          "assetId": "nQ30xGCSvdv7",
          "checksum": "94901b1850668c4892cefafdece11305"
        },
        {
          "type": "icon",
          "assetId": "3UgV7ahdtn5G",
          "checksum": "67ef1b695640d30041787040d9c92ed1"
        },
        {
          "type": "icon",
          "assetId": "tkxrJJPajidE",
          "checksum": "02a8095cf317fd5d9bb9ef51da8e8af8"
        },
        {
          "type": "icon",
          "assetId": "0FBISMQsRLkp",
          "checksum": "414ade5784deba7ae8263d06e223c69c"
        },
        {
          "type": "icon",
          "assetId": "TnnJDmwgAOL7",
          "checksum": "c2628530d2f7c152d7f6f41f1a54ef26"
        },
        {
          "assetId": "sMdpLWyxbzDCruwMRffW2m",
          "type": "projectCss",
          "checksum": "c6871ca1de82f2ad55781b19846c58ff"
        }
      ],
      "codegenVersion": "0.0.1"
    },
    {
      "projectId": "YUiM7yqBWAqsh8KSnrdj7",
      "version": "0.29.0",
      "dependencies": {},
      "lang": "ts",
      "fileLocks": [
        {
          "assetId": "YUiM7yqBWAqsh8KSnrdj7",
          "type": "projectCss",
          "checksum": "dac72600b04b6e6a3014e82512a15fe1"
        }
      ],
      "codegenVersion": "0.0.1"
    },
    {
      "projectId": "qQzsBf58SqzNJX45iggq96",
      "version": "latest",
      "dependencies": {
        "h9Dbk9ygddw7UVEq1NNhKi": "6.0.1",
        "oBJtsp5RgVpcN6KCrDTuQT": "1.3.0",
        "sqPBLwEBBKHA2WDuGb17eV": "0.12.0",
        "caTPwKxj5ZrD9LQ7DMdK4Z": "3.36.0",
        "YUiM7yqBWAqsh8KSnrdj7": "0.29.0"
      },
      "lang": "ts",
      "fileLocks": [
        {
          "type": "globalVariant",
          "assetId": "VbwzWy57oXtE",
          "checksum": "5b720d9d44ab70a35e02148b75183acb"
        },
        {
          "assetId": "qQzsBf58SqzNJX45iggq96",
          "checksum": "532934f0a0f0d7b2230819de013db0fa",
          "type": "globalContexts"
        },
        {
          "type": "renderModule",
          "assetId": "hjUuvN6lhrZV",
          "checksum": "4e23895078c0fe5f5733b41c9889dc1e"
        },
        {
          "type": "cssRules",
          "assetId": "hjUuvN6lhrZV",
          "checksum": "4e23895078c0fe5f5733b41c9889dc1e"
        },
        {
          "type": "renderModule",
          "assetId": "qY29Y1sogsUa",
          "checksum": "8e98bd6207a001029f6ce2390b4074ba"
        },
        {
          "type": "cssRules",
          "assetId": "qY29Y1sogsUa",
          "checksum": "8e98bd6207a001029f6ce2390b4074ba"
        },
        {
          "type": "renderModule",
          "assetId": "Bx6gxTOoja9k",
          "checksum": "3e31eb54bf78def71abb429cf8e47002"
        },
        {
          "type": "cssRules",
          "assetId": "Bx6gxTOoja9k",
          "checksum": "3e31eb54bf78def71abb429cf8e47002"
        },
        {
          "type": "renderModule",
          "assetId": "u3Jgb_UfiULc",
          "checksum": "4b363980a37ef08797ff84e9697a4b2f"
        },
        {
          "type": "cssRules",
          "assetId": "u3Jgb_UfiULc",
          "checksum": "4b363980a37ef08797ff84e9697a4b2f"
        },
        {
          "type": "renderModule",
          "assetId": "YorKPsj5-KCA",
          "checksum": "821dbf8b41a3baf855f6577a1c96619c"
        },
        {
          "type": "cssRules",
          "assetId": "YorKPsj5-KCA",
          "checksum": "821dbf8b41a3baf855f6577a1c96619c"
        },
        {
          "type": "renderModule",
          "assetId": "TCDI-OnXQFr9",
          "checksum": "03213ce6e5573d63e87078048bcf89d7"
        },
        {
          "type": "cssRules",
          "assetId": "TCDI-OnXQFr9",
          "checksum": "03213ce6e5573d63e87078048bcf89d7"
        },
        {
          "type": "renderModule",
          "assetId": "dtSZu4xyXUej",
          "checksum": "6cb959d1127da075904a2a1ab210f5fb"
        },
        {
          "type": "cssRules",
          "assetId": "dtSZu4xyXUej",
          "checksum": "6cb959d1127da075904a2a1ab210f5fb"
        },
        {
          "type": "renderModule",
          "assetId": "iKLtt-X_YZoa",
          "checksum": "4e2dc7a394e89f3e4670258e0533c871"
        },
        {
          "type": "cssRules",
          "assetId": "iKLtt-X_YZoa",
          "checksum": "4e2dc7a394e89f3e4670258e0533c871"
        },
        {
          "type": "renderModule",
          "assetId": "zIWWWwAA3-2B",
          "checksum": "a64e0c4b8c229a8720db06aa5e85d842"
        },
        {
          "type": "cssRules",
          "assetId": "zIWWWwAA3-2B",
          "checksum": "a64e0c4b8c229a8720db06aa5e85d842"
        },
        {
          "type": "renderModule",
          "assetId": "sV_mee6VG9G8",
          "checksum": "be144fec4cd12c4b0b9cf49c5e82c9f6"
        },
        {
          "type": "cssRules",
          "assetId": "sV_mee6VG9G8",
          "checksum": "be144fec4cd12c4b0b9cf49c5e82c9f6"
        },
        {
          "type": "renderModule",
          "assetId": "2zJ5Um1a_BM7",
          "checksum": "5f95b6af644915bde90c162104e501b3"
        },
        {
          "type": "cssRules",
          "assetId": "2zJ5Um1a_BM7",
          "checksum": "5f95b6af644915bde90c162104e501b3"
        },
        {
          "type": "renderModule",
          "assetId": "vFHey9elqn-I",
          "checksum": "9f351152409b00a84bd0d69ddfd867a7"
        },
        {
          "type": "cssRules",
          "assetId": "vFHey9elqn-I",
          "checksum": "9f351152409b00a84bd0d69ddfd867a7"
        },
        {
          "type": "renderModule",
          "assetId": "ZewL2B_Ktxrj",
          "checksum": "32acf75fbb13997e5c0bfe047e9bf79f"
        },
        {
          "type": "cssRules",
          "assetId": "ZewL2B_Ktxrj",
          "checksum": "32acf75fbb13997e5c0bfe047e9bf79f"
        },
        {
          "type": "icon",
          "assetId": "NWCYMTObqr7D",
          "checksum": "9ebb8b3dc29c76a10155e6fd6a5ee2ad"
        },
        {
          "type": "icon",
          "assetId": "xw5A3Vn5_KNc",
          "checksum": "d2851a99b0bb8376002fee4ec9c77309"
        },
        {
          "type": "icon",
          "assetId": "W3TLlIDrGJdy",
          "checksum": "3f7cb8e7c648fa27d37700e0bc012989"
        },
        {
          "type": "icon",
          "assetId": "NXg4jyTHB7Sj",
          "checksum": "e55d5ebd9f4b6e334e06988996b9a8fc"
        },
        {
          "type": "icon",
          "assetId": "YVM63_mcG0ZV",
          "checksum": "8409d8c725db147bbd1f47dba92d6def"
        },
        {
          "type": "icon",
          "assetId": "SNOnlPCvguG2",
          "checksum": "a28cb7edb8bff308638a1dd326f7da81"
        },
        {
          "type": "icon",
          "assetId": "moTm-5qth65g",
          "checksum": "d36c8ae80a7ee857222f79c64fbd6f4f"
        },
        {
          "type": "icon",
          "assetId": "OcnxMK5rW620",
          "checksum": "896011140f7609a65be35aa351fe94f4"
        },
        {
          "type": "icon",
          "assetId": "nlR9y6ohoS5X",
          "checksum": "319a9db7a4845467f5b4629ad6d51feb"
        },
        {
          "type": "renderModule",
          "assetId": "5Lu5manJiJCz",
          "checksum": "e0af17d17819bc12f4949175e57cd28a"
        },
        {
          "type": "cssRules",
          "assetId": "5Lu5manJiJCz",
          "checksum": "e0af17d17819bc12f4949175e57cd28a"
        },
        {
          "type": "icon",
          "assetId": "akGRTYC0thH7",
          "checksum": "26f782642b12fec307c4ddaa68715d17"
        },
        {
          "type": "icon",
          "assetId": "-yGK2JldWT9H",
          "checksum": "04cf8c95f2bd6b3798c745f523553966"
        },
        {
          "type": "icon",
          "assetId": "3S9ovymdKllD",
          "checksum": "494c36c7b0fc9ab59ae0aa474ecbad8a"
        },
        {
          "type": "icon",
          "assetId": "pKTKEaidghzh",
          "checksum": "944b7f5188b5008b47de00e772e212e0"
        },
        {
          "type": "icon",
          "assetId": "w3lyhfOz3zQI",
          "checksum": "58a8f10aa377f13a5534aaa8b5689b08"
        },
        {
          "type": "renderModule",
          "assetId": "ZW4MU00teZ-c",
          "checksum": "7ca68d507b4a43a5e1a90f11a70a145a"
        },
        {
          "type": "cssRules",
          "assetId": "ZW4MU00teZ-c",
          "checksum": "7ca68d507b4a43a5e1a90f11a70a145a"
        },
        {
          "type": "icon",
          "assetId": "BjoKtmI-dw2Y",
          "checksum": "20194bcfa511a94d14c3b3c0d56f54c1"
        },
        {
          "type": "icon",
          "assetId": "2W2cvQbPPcOu",
          "checksum": "5257b3f108d0a585da8d50ee9bd61b2f"
        },
        {
          "type": "icon",
          "assetId": "2hqiHxPcJd62",
          "checksum": "e57d44df77b4815893060d35efaff02e"
        },
        {
          "type": "icon",
          "assetId": "nQIWSFtz7b-J",
          "checksum": "5aceb9f9c3bd072e718cc634314dbcc7"
        },
        {
          "type": "renderModule",
          "assetId": "JoYR24nI9z66",
          "checksum": "bbfd5b750a41c4a921365e5bea3a2c3f"
        },
        {
          "type": "cssRules",
          "assetId": "JoYR24nI9z66",
          "checksum": "bbfd5b750a41c4a921365e5bea3a2c3f"
        },
        {
          "type": "icon",
          "assetId": "lKZl6HF7GOiW",
          "checksum": "b2d45d4b876ac0cebcc73392269eb04b"
        },
        {
          "type": "icon",
          "assetId": "ucmv7JmAEMSo",
          "checksum": "08cafe0a4095773e47ca10e909ab7123"
        },
        {
          "type": "icon",
          "assetId": "9Q_oq9_FnEFj",
          "checksum": "99249e07832a5969956a90788959ee73"
        },
        {
          "type": "icon",
          "assetId": "dwPoKnXC1x2G",
          "checksum": "d612366693adb9d7efae2c709162a9de"
        },
        {
          "assetId": "qQzsBf58SqzNJX45iggq96",
          "type": "projectCss",
          "checksum": "d638287c08063a63e25385bf2cb15271"
        }
      ],
      "codegenVersion": "0.0.1"
    },
    {
      "projectId": "9Vr5YWkf3w7jj6SsTcCEta",
      "version": "0.10.0",
      "dependencies": {},
      "lang": "ts",
      "fileLocks": [
        {
          "assetId": "9Vr5YWkf3w7jj6SsTcCEta",
          "type": "projectCss",
          "checksum": "e1ec850476829c38b0f9b6d4f7ac446a"
        }
      ],
      "codegenVersion": "0.0.1"
    },
    {
      "projectId": "hsyJcmBceSfPzvvXzVTuk7",
      "version": "0.1.0",
      "dependencies": {},
      "lang": "ts",
      "fileLocks": [
        {
          "assetId": "hsyJcmBceSfPzvvXzVTuk7",
          "type": "projectCss",
          "checksum": "e1ec850476829c38b0f9b6d4f7ac446a"
        }
      ],
      "codegenVersion": "0.0.1"
    },
    {
      "projectId": "k6BnBuAUepzRX8Qs2WvkKs",
      "version": "0.3.0",
      "dependencies": {},
      "lang": "ts",
      "fileLocks": [
        {
          "assetId": "k6BnBuAUepzRX8Qs2WvkKs",
          "type": "projectCss",
          "checksum": "e1ec850476829c38b0f9b6d4f7ac446a"
        }
      ],
      "codegenVersion": "0.0.1"
    },
    {
      "projectId": "iDYgiKJB9Yi7CUB81stQBK",
      "version": "latest",
      "dependencies": {
        "sqPBLwEBBKHA2WDuGb17eV": "0.12.0",
        "58GpZjZCWTaJ8AUhpCwt2K": "3.25.0",
        "YUiM7yqBWAqsh8KSnrdj7": "0.29.0",
        "caTPwKxj5ZrD9LQ7DMdK4Z": "3.36.0",
        "k6BnBuAUepzRX8Qs2WvkKs": "0.3.0",
        "hsyJcmBceSfPzvvXzVTuk7": "0.1.0",
        "9Vr5YWkf3w7jj6SsTcCEta": "0.10.0",
        "h9Dbk9ygddw7UVEq1NNhKi": "5.6.6",
        "oBJtsp5RgVpcN6KCrDTuQT": "1.3.0"
      },
      "lang": "ts",
      "fileLocks": [
        {
          "type": "globalVariant",
          "assetId": "ce5BTtZuA7fm",
          "checksum": "a1f81d43ed6808668c2044d96847cb6e"
        },
        {
          "type": "renderModule",
          "assetId": "MB7oMSw7lp7m",
          "checksum": "a12b96bf7587c79a297f537969331398"
        },
        {
          "type": "cssRules",
          "assetId": "MB7oMSw7lp7m",
          "checksum": "a12b96bf7587c79a297f537969331398"
        },
        {
          "type": "renderModule",
          "assetId": "wRtWBmTexyYF",
          "checksum": "ad792637148c71f19513637d00e0d944"
        },
        {
          "type": "cssRules",
          "assetId": "wRtWBmTexyYF",
          "checksum": "ad792637148c71f19513637d00e0d944"
        },
        {
          "type": "renderModule",
          "assetId": "5NUpgw2K0nJD",
          "checksum": "fbb44d33efd3fb71c08f9848e6862ee9"
        },
        {
          "type": "cssRules",
          "assetId": "5NUpgw2K0nJD",
          "checksum": "fbb44d33efd3fb71c08f9848e6862ee9"
        },
        {
          "type": "renderModule",
          "assetId": "EifS7TB9I3zC",
          "checksum": "82f3a22e1b935724b8081ad51e404ca4"
        },
        {
          "type": "cssRules",
          "assetId": "EifS7TB9I3zC",
          "checksum": "82f3a22e1b935724b8081ad51e404ca4"
        },
        {
          "type": "renderModule",
          "assetId": "eDj7YOWE04_a",
          "checksum": "17cf9a979267c19204fec00e5d29a046"
        },
        {
          "type": "cssRules",
          "assetId": "eDj7YOWE04_a",
          "checksum": "17cf9a979267c19204fec00e5d29a046"
        },
        {
          "type": "renderModule",
          "assetId": "NhMGML-3Q4Pu",
          "checksum": "d42dc6824f42b223bf3e8e85d2f955b5"
        },
        {
          "type": "cssRules",
          "assetId": "NhMGML-3Q4Pu",
          "checksum": "d42dc6824f42b223bf3e8e85d2f955b5"
        },
        {
          "type": "renderModule",
          "assetId": "jt9WZSfb5ttY",
          "checksum": "e24c9c5b07ab693302c0d44852ef2f69"
        },
        {
          "type": "cssRules",
          "assetId": "jt9WZSfb5ttY",
          "checksum": "e24c9c5b07ab693302c0d44852ef2f69"
        },
        {
          "type": "renderModule",
          "assetId": "x96fIRHUIj0a",
          "checksum": "ebb7d1b741d6661e22400a18a5e8edc1"
        },
        {
          "type": "cssRules",
          "assetId": "x96fIRHUIj0a",
          "checksum": "ebb7d1b741d6661e22400a18a5e8edc1"
        },
        {
          "type": "renderModule",
          "assetId": "GgaH-M7Sp2G1",
          "checksum": "7658888133dddc0282703759f936d426"
        },
        {
          "type": "cssRules",
          "assetId": "GgaH-M7Sp2G1",
          "checksum": "7658888133dddc0282703759f936d426"
        },
        {
          "type": "renderModule",
          "assetId": "cbKB3dj7FUdJ",
          "checksum": "5031bbe09e93f76b4a7654bdc8603246"
        },
        {
          "type": "cssRules",
          "assetId": "cbKB3dj7FUdJ",
          "checksum": "5031bbe09e93f76b4a7654bdc8603246"
        },
        {
          "type": "renderModule",
          "assetId": "6zIng2EW46bS",
          "checksum": "97f0d6c5f620435760f020547674b355"
        },
        {
          "type": "cssRules",
          "assetId": "6zIng2EW46bS",
          "checksum": "97f0d6c5f620435760f020547674b355"
        },
        {
          "type": "renderModule",
          "assetId": "5jjwlzFYfMqI",
          "checksum": "065fa225b7bb14ab402a18be7a83254a"
        },
        {
          "type": "cssRules",
          "assetId": "5jjwlzFYfMqI",
          "checksum": "065fa225b7bb14ab402a18be7a83254a"
        },
        {
          "type": "renderModule",
          "assetId": "pggD1apWa_wW",
          "checksum": "e578611d2911e2872dd55677b1f23564"
        },
        {
          "type": "cssRules",
          "assetId": "pggD1apWa_wW",
          "checksum": "e578611d2911e2872dd55677b1f23564"
        },
        {
          "type": "renderModule",
          "assetId": "7pBiPtIJMz6E",
          "checksum": "4dc6b6799a904d476e447a145978d0b4"
        },
        {
          "type": "cssRules",
          "assetId": "7pBiPtIJMz6E",
          "checksum": "4dc6b6799a904d476e447a145978d0b4"
        },
        {
          "type": "renderModule",
          "assetId": "q3FGMz6XNu9L",
          "checksum": "2cd31a87a59572afa7d3917407327b35"
        },
        {
          "type": "cssRules",
          "assetId": "q3FGMz6XNu9L",
          "checksum": "2cd31a87a59572afa7d3917407327b35"
        },
        {
          "type": "renderModule",
          "assetId": "HdziC2GDkrKd",
          "checksum": "12d4718ee9202be42d2745c29d893ae9"
        },
        {
          "type": "cssRules",
          "assetId": "HdziC2GDkrKd",
          "checksum": "12d4718ee9202be42d2745c29d893ae9"
        },
        {
          "type": "renderModule",
          "assetId": "6mjf324FkOZF",
          "checksum": "1bcfab9587cc3cefa66129ecb0ab6744"
        },
        {
          "type": "cssRules",
          "assetId": "6mjf324FkOZF",
          "checksum": "1bcfab9587cc3cefa66129ecb0ab6744"
        },
        {
          "type": "renderModule",
          "assetId": "qgBfujLJ7lZw",
          "checksum": "9278e4a5595081425b3f5e10ad8476a9"
        },
        {
          "type": "cssRules",
          "assetId": "qgBfujLJ7lZw",
          "checksum": "9278e4a5595081425b3f5e10ad8476a9"
        },
        {
          "type": "renderModule",
          "assetId": "zCfmz7A_Urrp",
          "checksum": "290649cbcb05c4eda37cf95ffd7bf8fe"
        },
        {
          "type": "cssRules",
          "assetId": "zCfmz7A_Urrp",
          "checksum": "290649cbcb05c4eda37cf95ffd7bf8fe"
        },
        {
          "type": "renderModule",
          "assetId": "p60lZNLf7UJ8",
          "checksum": "1c8a0cbc1493740e1621b74d69656c5f"
        },
        {
          "type": "cssRules",
          "assetId": "p60lZNLf7UJ8",
          "checksum": "1c8a0cbc1493740e1621b74d69656c5f"
        },
        {
          "type": "renderModule",
          "assetId": "kTqhvVPX-KFr",
          "checksum": "f283753594d68bbcf1aa42c629f72fc8"
        },
        {
          "type": "cssRules",
          "assetId": "kTqhvVPX-KFr",
          "checksum": "f283753594d68bbcf1aa42c629f72fc8"
        },
        {
          "type": "renderModule",
          "assetId": "q10e5tagld7P",
          "checksum": "033f3082714395ba5b61da9fa40d0839"
        },
        {
          "type": "cssRules",
          "assetId": "q10e5tagld7P",
          "checksum": "033f3082714395ba5b61da9fa40d0839"
        },
        {
          "type": "renderModule",
          "assetId": "tue6WliDgeon",
          "checksum": "23ee4d781805eb8524fb862fd877cf32"
        },
        {
          "type": "cssRules",
          "assetId": "tue6WliDgeon",
          "checksum": "23ee4d781805eb8524fb862fd877cf32"
        },
        {
          "type": "renderModule",
          "assetId": "oB4wbfvJITFc",
          "checksum": "2d6c0b6404f5c5f44f1234142bc89d62"
        },
        {
          "type": "cssRules",
          "assetId": "oB4wbfvJITFc",
          "checksum": "2d6c0b6404f5c5f44f1234142bc89d62"
        },
        {
          "type": "icon",
          "assetId": "zpYSlVMt-Ium",
          "checksum": "4820db8fece1dc7e70794ffb6de81fb9"
        },
        {
          "type": "icon",
          "assetId": "Lc9Jz5PI3tel",
          "checksum": "cb73657465635de37406914ef0e5f33a"
        },
        {
          "type": "icon",
          "assetId": "zxD5K_Hf3kNg",
          "checksum": "4060c30fddfc2dbabf5da3a977df8aa0"
        },
        {
          "type": "icon",
          "assetId": "zsOosa-1VDPP",
          "checksum": "ec497cedf8f1ffcc7f2b009277a638ea"
        },
        {
          "type": "icon",
          "assetId": "p4tVEsplySFb",
          "checksum": "29146e3d6029129dc633ace105685440"
        },
        {
          "type": "icon",
          "assetId": "iIYeRAdEZp9l",
          "checksum": "bad243e022a533866a799744ad522b3c"
        },
        {
          "type": "icon",
          "assetId": "Zop7nqClMso8",
          "checksum": "06c4ec36665d8791bc26149e82a8612a"
        },
        {
          "type": "icon",
          "assetId": "UYWDQf69XzlE",
          "checksum": "99aa53f05719f9a63a6e18430236834a"
        },
        {
          "type": "icon",
          "assetId": "je9zsyvTNz9E",
          "checksum": "b5dd9897914b91949cd8d4f8ad42901e"
        },
        {
          "type": "icon",
          "assetId": "w8HZEw2oFpPD",
          "checksum": "e4909d5862ddcdcfbd1bbc3da7b7826c"
        },
        {
          "type": "icon",
          "assetId": "JnhceMeBu7rd",
          "checksum": "7980c451d9812019ea4a63207b2835d2"
        },
        {
          "type": "icon",
          "assetId": "Z5JVHYJlHhEy",
          "checksum": "6889833b622e5f649a4e84cc85e41f0e"
        },
        {
          "type": "icon",
          "assetId": "R-D5rrnSi86T",
          "checksum": "6bef030c2bfd84ac4c60946c82742fc8"
        },
        {
          "type": "icon",
          "assetId": "zCwXncSoUStt",
          "checksum": "6bc5bb529da7c0bbffd2d6231917f211"
        },
        {
          "type": "icon",
          "assetId": "EyMvPikEuDUD",
          "checksum": "0da784f92d3913f8e7f3c11c2d70bc12"
        },
        {
          "type": "icon",
          "assetId": "xWGtBmgD-AZH",
          "checksum": "f85da274662bf41e34c7238fd043960e"
        },
        {
          "type": "icon",
          "assetId": "M2IpxUmMZTqA",
          "checksum": "944deabf17a58d5892491f97f459628e"
        },
        {
          "type": "icon",
          "assetId": "x8zKpWpxm06O",
          "checksum": "01e7c4c72d394d3dee1c2b57be953c0e"
        },
        {
          "type": "icon",
          "assetId": "adnXBC4RyXG9",
          "checksum": "618ee1815cfbcd669faa0f6d56098c55"
        },
        {
          "type": "icon",
          "assetId": "sYZ7eaHcWA9p",
          "checksum": "356a245b7425bd563c86afaf94e8aca7"
        },
        {
          "type": "icon",
          "assetId": "egi8lj9xHHo3",
          "checksum": "d7b5fa5b1defa0fc39825a0641de8177"
        },
        {
          "type": "icon",
          "assetId": "rNlcBlswymjS",
          "checksum": "45b773f0289b3a656de8616f4a72c442"
        },
        {
          "type": "icon",
          "assetId": "4RsTY71YqzEZ",
          "checksum": "a7cc902f1d767764c44fa9f10a6d400b"
        },
        {
          "type": "icon",
          "assetId": "uUHYUjZLzaVg",
          "checksum": "76f7e48f447cf41ba8318359d86e598b"
        },
        {
          "type": "icon",
          "assetId": "szEV5ojPpvII",
          "checksum": "e5914dbbcca201b1288a3fe4c3e4f337"
        },
        {
          "type": "icon",
          "assetId": "-KwzHfv-9ot5",
          "checksum": "f46024c58941690ddf14c0db08ad5bbc"
        },
        {
          "type": "icon",
          "assetId": "WqDEZH1sW0Ay",
          "checksum": "dee06236466bc3ae502363b5d01d314c"
        },
        {
          "type": "icon",
          "assetId": "aiEdwD29mrY6",
          "checksum": "6c889980f3dcbcd1043d97a40a2f7f20"
        },
        {
          "type": "icon",
          "assetId": "0nIlGiQv_m-P",
          "checksum": "c3990fcda0da91e8af779a952d49e5e1"
        },
        {
          "type": "icon",
          "assetId": "bFoMwbPekE8y",
          "checksum": "8ef16393d1b8f6dee930678ed67f9aac"
        },
        {
          "type": "icon",
          "assetId": "amTbI_YQqIVm",
          "checksum": "56c8b18444c4783310969984c5ca1893"
        },
        {
          "type": "icon",
          "assetId": "0ro7oXZKGS5w",
          "checksum": "5c879c89094196790f615ea6cb68ed91"
        },
        {
          "type": "icon",
          "assetId": "Yvl2gjkpp_AV",
          "checksum": "1f5e2cc365eb0f579db3417fd06fc04a"
        },
        {
          "type": "icon",
          "assetId": "Vnellam4ltEV",
          "checksum": "a08234db14a8187734d2c21dc2b4def6"
        },
        {
          "type": "icon",
          "assetId": "JNS0DMK9Gxn8",
          "checksum": "b88bae37c506c7e749f55a4b4b9f0eb0"
        },
        {
          "type": "icon",
          "assetId": "9uFgIxW230Rt",
          "checksum": "c1831efa5310876368472815dcd12628"
        },
        {
          "type": "image",
          "assetId": "NPptS-oeiydD",
          "checksum": "36043a50397189bb141b4a1eef5c3347"
        },
        {
          "assetId": "iDYgiKJB9Yi7CUB81stQBK",
          "checksum": "85acdc076c1482efde87143f39449d9f",
          "type": "globalContexts"
        },
        {
          "assetId": "iDYgiKJB9Yi7CUB81stQBK",
          "type": "projectCss",
          "checksum": "3b84631147583a6f40971f475476820e"
        }
      ],
      "codegenVersion": "0.0.1"
    },
    {
      "projectId": "8NbkXymcLwvMUC2yXeRrWk",
      "version": "latest",
      "dependencies": {
        "h9Dbk9ygddw7UVEq1NNhKi": "5.6.6",
        "oBJtsp5RgVpcN6KCrDTuQT": "1.3.0",
        "sqPBLwEBBKHA2WDuGb17eV": "0.12.0",
        "caTPwKxj5ZrD9LQ7DMdK4Z": "3.36.0",
        "YUiM7yqBWAqsh8KSnrdj7": "0.29.0"
      },
      "lang": "ts",
      "fileLocks": [
        {
          "type": "globalVariant",
          "assetId": "jZPjwIwnCd3Y",
          "checksum": "ff04eabed1a7e9e2ce77d93b4a5ce617"
        },
        {
          "assetId": "8NbkXymcLwvMUC2yXeRrWk",
          "checksum": "2acb0797a4c4edb57c38b13f5341b733",
          "type": "globalContexts"
        },
        {
          "type": "renderModule",
          "assetId": "Mt_WMP6AHSGv",
          "checksum": "bb3e50bdf19e4a0ae60c5da0f1c10e32"
        },
        {
          "type": "cssRules",
          "assetId": "Mt_WMP6AHSGv",
          "checksum": "bb3e50bdf19e4a0ae60c5da0f1c10e32"
        },
        {
          "type": "icon",
          "assetId": "CXp1JfQK09UO",
          "checksum": "92e045d07f7130744c0b8b24e79b49e7"
        },
        {
          "type": "icon",
          "assetId": "QYS_su5_pZze",
          "checksum": "a598c0001295dc4390068843c2ee4c3d"
        },
        {
          "type": "icon",
          "assetId": "k7tMx89aoOxw",
          "checksum": "090aad972872ff9f7264669f635e3060"
        },
        {
          "type": "icon",
          "assetId": "sqblx79q-SiX",
          "checksum": "b3657d8ff6c97f00e790e7f640deca56"
        },
        {
          "assetId": "8NbkXymcLwvMUC2yXeRrWk",
          "type": "projectCss",
          "checksum": "32e4217afde601c8d8f4f0647117b37b"
        }
      ],
      "codegenVersion": "0.0.1"
    },
    {
      "projectId": "ohDidvG9XsCeFumugENU3J",
      "version": "6.24.0",
      "dependencies": {},
      "lang": "ts",
      "fileLocks": [
        {
          "assetId": "ohDidvG9XsCeFumugENU3J",
          "type": "projectCss",
          "checksum": "fd83b730367fdbde2c69bc6cf31c2a3c"
        },
        {
          "assetId": "ohDidvG9XsCeFumugENU3J",
          "checksum": "de0a0e65174a6a185a8f822af51c6bdd",
          "type": "globalContexts"
        }
      ],
      "codegenVersion": "0.0.1"
    },
    {
      "projectId": "jkU633o1Cz7HrJdwdxhVHk",
      "version": "16.10.0",
      "dependencies": {},
      "lang": "ts",
      "fileLocks": [
        {
          "assetId": "jkU633o1Cz7HrJdwdxhVHk",
          "type": "projectCss",
          "checksum": "0581d4378bb1604bb5fe3f65bb0a37de"
        }
      ],
      "codegenVersion": "0.0.1"
    },
    {
      "projectId": "kS7YGZfVr6mU43XDQjXELc",
      "version": "0.15.0",
      "dependencies": {},
      "lang": "ts",
      "fileLocks": [
        {
          "assetId": "kS7YGZfVr6mU43XDQjXELc",
          "type": "projectCss",
          "checksum": "e1ec850476829c38b0f9b6d4f7ac446a"
        }
      ],
      "codegenVersion": "0.0.1"
    }
  ],
  "cliVersion": "0.1.327"
}
