{
  "projects": [
    {
      "projectId": "caTPwKxj5ZrD9LQ7DMdK4Z",
      "version": "3.38.0",
      "dependencies": {},
      "lang": "ts",
      "fileLocks": [
        {
          "assetId": "caTPwKxj5ZrD9LQ7DMdK4Z",
          "type": "projectCss",
          "checksum": "e1ec850476829c38b0f9b6d4f7ac446a"
        }
      ],
      "codegenVersion": "0.0.1"
    },
    {
      "projectId": "oBJtsp5RgVpcN6KCrDTuQT",
      "version": "1.3.0",
      "dependencies": {},
      "lang": "ts",
      "fileLocks": [
        {
          "type": "globalVariant",
          "assetId": "BR2UhI7ulpvR",
          "checksum": "7dd3451831976b3b7f87519b09a8229b"
        },
        {
          "assetId": "oBJtsp5RgVpcN6KCrDTuQT",
          "type": "projectCss",
          "checksum": "c1c4e2808e07c97cfeb13d9cc075734c"
        },
        {
          "type": "icon",
          "assetId": "rDjUqSUK3eUM",
          "checksum": "a2a89126e9d4f94588ec08b80e2c8776"
        },
        {
          "type": "icon",
          "assetId": "r9Upp9NbiZkf",
          "checksum": "9d7ea21cac7322ef537972a599933b4b"
        },
        {
          "type": "icon",
          "assetId": "GHdF3hS-oP_3",
          "checksum": "02d3dfd561a8ed207de1008227b92020"
        },
        {
          "type": "icon",
          "assetId": "YXreB8gS3SjV",
          "checksum": "db4f070d03de3f905832203c543bcf6e"
        },
        {
          "type": "icon",
          "assetId": "aC_QFogxt1Ko",
          "checksum": "6e77d7eb5046aa0048f78c884358c59e"
        },
        {
          "type": "icon",
          "assetId": "GRY2zHJ6uxOn",
          "checksum": "d4d7dbba341312aa2aa30a59a3e493d8"
        },
        {
          "type": "icon",
          "assetId": "jHvDymIOvRnf",
          "checksum": "5c4030efdc719735eb9121618caa758c"
        },
        {
          "type": "icon",
          "assetId": "9zdEG9CdGbdC",
          "checksum": "0ab2e03013acdec1e2ec83b11b0a6b57"
        },
        {
          "type": "icon",
          "assetId": "7Dhq6fgU-utK",
          "checksum": "1f529b3973759c146e5c7c64efaef136"
        },
        {
          "type": "icon",
          "assetId": "J8ozh55UiWsA",
          "checksum": "8cf489b7683ac894d2333453da59dc10"
        },
        {
          "type": "icon",
          "assetId": "rW7v27ONOoUe",
          "checksum": "7b2b5f99b7f8a3fd8aaf5115b1c6d860"
        },
        {
          "type": "icon",
          "assetId": "4D7uZNf6OjbV",
          "checksum": "28642b07ebd327ffa1555216f81e4308"
        },
        {
          "type": "icon",
          "assetId": "e2zWN9c_lxv7",
          "checksum": "659d5226e2d363ff32eafb9be685386a"
        },
        {
          "type": "icon",
          "assetId": "WTtCf_1I-uMv",
          "checksum": "f1fa51e41b9e49a6b1d3ca0b56281d40"
        },
        {
          "type": "icon",
          "assetId": "eZfYsLpdWQA_",
          "checksum": "ce3f91d32ce41403b62e05b3f85bdccf"
        },
        {
          "type": "icon",
          "assetId": "NSxX1Iy4jDVL",
          "checksum": "f7ee94acc93a902b0b574c48fd0cf1a7"
        },
        {
          "type": "icon",
          "assetId": "dmfb3Ga2IoVt",
          "checksum": "0e165f3b8ff96008a34fc1559c5c5ebd"
        },
        {
          "type": "icon",
          "assetId": "BamIPHX72k5k",
          "checksum": "c80da7c2ab88ccff285cd60ba43f378b"
        },
        {
          "type": "icon",
          "assetId": "zb1oqVXdrxPK",
          "checksum": "07ad9dc6c5e57a37b9af8c86a61bb6bf"
        },
        {
          "type": "icon",
          "assetId": "oob3UzcKBsd_",
          "checksum": "48b18a7d0f3c7534678907f308ebd125"
        },
        {
          "type": "icon",
          "assetId": "qxWwW7vbw7na",
          "checksum": "5020e76547cd1c8acc6eee036b77141c"
        },
        {
          "type": "image",
          "assetId": "ijbf5URccsnE",
          "checksum": "871858b983feb6fdf32268fce7608bc6"
        }
      ],
      "codegenVersion": "0.0.1"
    },
    {
      "projectId": "sqPBLwEBBKHA2WDuGb17eV",
      "version": "2.1.0",
      "dependencies": {},
      "lang": "ts",
      "fileLocks": [
        {
          "assetId": "sqPBLwEBBKHA2WDuGb17eV",
          "type": "projectCss",
          "checksum": "e1ec850476829c38b0f9b6d4f7ac446a"
        },
        {
          "type": "renderModule",
          "assetId": "5nirPCGmCnRD",
          "checksum": "fd3c1fb813e8dbcf8e71b8e58c2f542a"
        },
        {
          "type": "cssRules",
          "assetId": "5nirPCGmCnRD",
          "checksum": "fd3c1fb813e8dbcf8e71b8e58c2f542a"
        },
        {
          "type": "icon",
          "assetId": "Wyt3GMMsLefj",
          "checksum": "d2b1886763aa016780501d0c22f50b5e"
        },
        {
          "type": "icon",
          "assetId": "MbDRsJU0e3bw",
          "checksum": "92672aa6935120ebaac11939d8d127bb"
        }
      ],
      "codegenVersion": "0.0.1"
    },
    {
      "projectId": "hsyJcmBceSfPzvvXzVTuk7",
      "version": "0.1.0",
      "dependencies": {},
      "lang": "ts",
      "fileLocks": [
        {
          "assetId": "hsyJcmBceSfPzvvXzVTuk7",
          "type": "projectCss",
          "checksum": "e1ec850476829c38b0f9b6d4f7ac446a"
        }
      ],
      "codegenVersion": "0.0.1"
    },
    {
      "projectId": "8PtdGodUbexNYgkuyBUcWu",
      "version": "3.25.0",
      "dependencies": {},
      "lang": "ts",
      "fileLocks": [
        {
          "assetId": "8PtdGodUbexNYgkuyBUcWu",
          "type": "projectCss",
          "checksum": "078b5be9aa4a8ea2a39b36c771c25aaa"
        },
        {
          "assetId": "8PtdGodUbexNYgkuyBUcWu",
          "checksum": "34a063f27f0b27a7d1d344bc6b5252c5",
          "type": "globalContexts"
        }
      ],
      "codegenVersion": "0.0.1"
    },
    {
      "projectId": "ohDidvG9XsCeFumugENU3J",
      "version": "6.26.0",
      "dependencies": {},
      "lang": "ts",
      "fileLocks": [
        {
          "assetId": "ohDidvG9XsCeFumugENU3J",
          "type": "projectCss",
          "checksum": "fd83b730367fdbde2c69bc6cf31c2a3c"
        },
        {
          "assetId": "ohDidvG9XsCeFumugENU3J",
          "checksum": "de0a0e65174a6a185a8f822af51c6bdd",
          "type": "globalContexts"
        }
      ],
      "codegenVersion": "0.0.1"
    },
    {
      "projectId": "YUiM7yqBWAqsh8KSnrdj7",
      "version": "0.31.0",
      "dependencies": {},
      "lang": "ts",
      "fileLocks": [
        {
          "assetId": "YUiM7yqBWAqsh8KSnrdj7",
          "type": "projectCss",
          "checksum": "dac72600b04b6e6a3014e82512a15fe1"
        }
      ],
      "codegenVersion": "0.0.1"
    },
    {
      "projectId": "h9Dbk9ygddw7UVEq1NNhKi",
      "version": "6.2.2",
      "dependencies": {
        "sqPBLwEBBKHA2WDuGb17eV": "2.1.0",
        "oBJtsp5RgVpcN6KCrDTuQT": "1.3.0",
        "caTPwKxj5ZrD9LQ7DMdK4Z": "3.38.0"
      },
      "lang": "ts",
      "fileLocks": [
        {
          "type": "globalVariant",
          "assetId": "QmLtHiTXdNxv",
          "checksum": "1e98dc47c933788088926d8b42faad7b"
        },
        {
          "assetId": "h9Dbk9ygddw7UVEq1NNhKi",
          "type": "projectCss",
          "checksum": "b51980bc2f5737b83d7829569bdcfeb6"
        },
        {
          "type": "renderModule",
          "assetId": "3i84rYjQRrs4",
          "checksum": "88a8a81d5ff2ec604e16604921968f9f"
        },
        {
          "type": "cssRules",
          "assetId": "3i84rYjQRrs4",
          "checksum": "88a8a81d5ff2ec604e16604921968f9f"
        },
        {
          "type": "renderModule",
          "assetId": "oVzoHzMf1TLl",
          "checksum": "d5e67227f97aaa7cddc3291ac32213f6"
        },
        {
          "type": "cssRules",
          "assetId": "oVzoHzMf1TLl",
          "checksum": "d5e67227f97aaa7cddc3291ac32213f6"
        },
        {
          "type": "renderModule",
          "assetId": "FJiI2-N1is_F",
          "checksum": "8a2bc396f3fede11ef6780326cda72da"
        },
        {
          "type": "cssRules",
          "assetId": "FJiI2-N1is_F",
          "checksum": "8a2bc396f3fede11ef6780326cda72da"
        },
        {
          "type": "renderModule",
          "assetId": "1bFBcAoH0lNN",
          "checksum": "8b518426d372f9d15bcfd13eaf01abbb"
        },
        {
          "type": "cssRules",
          "assetId": "1bFBcAoH0lNN",
          "checksum": "8b518426d372f9d15bcfd13eaf01abbb"
        },
        {
          "type": "renderModule",
          "assetId": "fa_t7ELXcm5k",
          "checksum": "069e8fb3a5374b399b96a0bf1e45e239"
        },
        {
          "type": "cssRules",
          "assetId": "fa_t7ELXcm5k",
          "checksum": "069e8fb3a5374b399b96a0bf1e45e239"
        },
        {
          "type": "renderModule",
          "assetId": "CZBpNouNw7Ui",
          "checksum": "c76bf15ca4797408040153661dab4272"
        },
        {
          "type": "cssRules",
          "assetId": "CZBpNouNw7Ui",
          "checksum": "c76bf15ca4797408040153661dab4272"
        },
        {
          "type": "icon",
          "assetId": "eCsLCdWP9DST",
          "checksum": "2bfc7e4636bd7e7fef59654fb0c1e3da"
        },
        {
          "type": "icon",
          "assetId": "xYtO5aWYRBvW",
          "checksum": "7d4e6a111d6640f786b347cca4d8ad15"
        },
        {
          "type": "icon",
          "assetId": "RqwNL88PjcHS",
          "checksum": "edb65584ff15c1e9446c973102b7dd81"
        },
        {
          "type": "icon",
          "assetId": "_Qaeb-4Y8N07",
          "checksum": "349d2c2c85d682cf036b8ef1aeb489aa"
        }
      ],
      "codegenVersion": "0.0.1"
    },
    {
      "projectId": "sMdpLWyxbzDCruwMRffW2m",
      "version": "latest",
      "dependencies": {
        "h9Dbk9ygddw7UVEq1NNhKi": "6.2.2",
        "oBJtsp5RgVpcN6KCrDTuQT": "1.3.0",
        "sqPBLwEBBKHA2WDuGb17eV": "2.1.0",
        "caTPwKxj5ZrD9LQ7DMdK4Z": "3.38.0",
        "YUiM7yqBWAqsh8KSnrdj7": "0.31.0",
        "ohDidvG9XsCeFumugENU3J": "6.26.0",
        "8PtdGodUbexNYgkuyBUcWu": "3.25.0",
        "hsyJcmBceSfPzvvXzVTuk7": "0.1.0"
      },
      "lang": "ts",
      "fileLocks": [
        {
          "type": "globalVariant",
          "assetId": "qBGVzTFm0g_b",
          "checksum": "1c36a7c8b68c89d2f0d3a8a0aa23edd3"
        },
        {
          "assetId": "sMdpLWyxbzDCruwMRffW2m",
          "type": "projectCss",
          "checksum": "d7e88718e74351e078ebf9a41173de7d"
        },
        {
          "assetId": "sMdpLWyxbzDCruwMRffW2m",
          "checksum": "937f80c3f92c066143031191a4a2522a",
          "type": "globalContexts"
        },
        {
          "type": "renderModule",
          "assetId": "5bzKtjF_q24p",
          "checksum": "aaa79532eff0fbb225fc638bbf359ef3"
        },
        {
          "type": "cssRules",
          "assetId": "5bzKtjF_q24p",
          "checksum": "aaa79532eff0fbb225fc638bbf359ef3"
        },
        {
          "type": "renderModule",
          "assetId": "ZuA2HO8MLBhh",
          "checksum": "830121ef308c62131e28e2a9ac8a681e"
        },
        {
          "type": "cssRules",
          "assetId": "ZuA2HO8MLBhh",
          "checksum": "830121ef308c62131e28e2a9ac8a681e"
        },
        {
          "type": "renderModule",
          "assetId": "XhSI4pxMLR3L",
          "checksum": "547477f230b6a4eaf7ec3da9fcb00947"
        },
        {
          "type": "cssRules",
          "assetId": "XhSI4pxMLR3L",
          "checksum": "547477f230b6a4eaf7ec3da9fcb00947"
        },
        {
          "type": "renderModule",
          "assetId": "zLShj09Q9POm",
          "checksum": "284f76f606360e0ae4fa9a2aed707612"
        },
        {
          "type": "cssRules",
          "assetId": "zLShj09Q9POm",
          "checksum": "284f76f606360e0ae4fa9a2aed707612"
        },
        {
          "type": "renderModule",
          "assetId": "H6s7UfVqSPjE",
          "checksum": "8f1063fbe9950ecaa5147bcc99b80dfa"
        },
        {
          "type": "cssRules",
          "assetId": "H6s7UfVqSPjE",
          "checksum": "8f1063fbe9950ecaa5147bcc99b80dfa"
        },
        {
          "type": "renderModule",
          "assetId": "ThD_BqtT1Qyx",
          "checksum": "a15f12b319ad64b52db3600846a8fa9a"
        },
        {
          "type": "cssRules",
          "assetId": "ThD_BqtT1Qyx",
          "checksum": "a15f12b319ad64b52db3600846a8fa9a"
        },
        {
          "type": "renderModule",
          "assetId": "SctdwrC6-ku4",
          "checksum": "5aa79dc6d0038f09253903fbee22c475"
        },
        {
          "type": "cssRules",
          "assetId": "SctdwrC6-ku4",
          "checksum": "5aa79dc6d0038f09253903fbee22c475"
        },
        {
          "type": "renderModule",
          "assetId": "6w9lKEd-r02I",
          "checksum": "3039459afc7ad227bd40acf237e1f464"
        },
        {
          "type": "cssRules",
          "assetId": "6w9lKEd-r02I",
          "checksum": "3039459afc7ad227bd40acf237e1f464"
        },
        {
          "type": "renderModule",
          "assetId": "GQOCScvj145-",
          "checksum": "1ae64cf98c758a102e77e29841e9b1f0"
        },
        {
          "type": "cssRules",
          "assetId": "GQOCScvj145-",
          "checksum": "1ae64cf98c758a102e77e29841e9b1f0"
        },
        {
          "type": "renderModule",
          "assetId": "YHypsyWp2tOf",
          "checksum": "04416aee47197e166d8bde25ce050686"
        },
        {
          "type": "cssRules",
          "assetId": "YHypsyWp2tOf",
          "checksum": "04416aee47197e166d8bde25ce050686"
        },
        {
          "type": "renderModule",
          "assetId": "KILAc4YdRdGh",
          "checksum": "bde3cf8cf16ceb17c6c64e6087432ed8"
        },
        {
          "type": "cssRules",
          "assetId": "KILAc4YdRdGh",
          "checksum": "bde3cf8cf16ceb17c6c64e6087432ed8"
        },
        {
          "type": "renderModule",
          "assetId": "f83TZwYbQ2l0",
          "checksum": "77507612a4ab9296aba35f91ff5b78fe"
        },
        {
          "type": "cssRules",
          "assetId": "f83TZwYbQ2l0",
          "checksum": "77507612a4ab9296aba35f91ff5b78fe"
        },
        {
          "type": "renderModule",
          "assetId": "Q8q3z8vRCZn_",
          "checksum": "55565c4a65885e651667aba958fab23e"
        },
        {
          "type": "cssRules",
          "assetId": "Q8q3z8vRCZn_",
          "checksum": "55565c4a65885e651667aba958fab23e"
        },
        {
          "type": "renderModule",
          "assetId": "gbTY0L-vUhOv",
          "checksum": "70e9a505aac53003d23f919d18b1f76a"
        },
        {
          "type": "cssRules",
          "assetId": "gbTY0L-vUhOv",
          "checksum": "70e9a505aac53003d23f919d18b1f76a"
        },
        {
          "type": "renderModule",
          "assetId": "AK8GMS7oZ_Fh",
          "checksum": "3adaf114016fc8995e3dc71cad8b5ca6"
        },
        {
          "type": "cssRules",
          "assetId": "AK8GMS7oZ_Fh",
          "checksum": "3adaf114016fc8995e3dc71cad8b5ca6"
        },
        {
          "type": "renderModule",
          "assetId": "mTGIwE12clXg",
          "checksum": "3d9f5fdf4ab21336e26337c9e0501337"
        },
        {
          "type": "cssRules",
          "assetId": "mTGIwE12clXg",
          "checksum": "3d9f5fdf4ab21336e26337c9e0501337"
        },
        {
          "type": "renderModule",
          "assetId": "g0pqddGARgnV",
          "checksum": "c28d09ce2bcf88660edeff6327c38c45"
        },
        {
          "type": "cssRules",
          "assetId": "g0pqddGARgnV",
          "checksum": "c28d09ce2bcf88660edeff6327c38c45"
        },
        {
          "type": "renderModule",
          "assetId": "YoStZ8eQd9r-",
          "checksum": "e9d8ca168bfc8cf4e7fd910bce4604cc"
        },
        {
          "type": "cssRules",
          "assetId": "YoStZ8eQd9r-",
          "checksum": "e9d8ca168bfc8cf4e7fd910bce4604cc"
        },
        {
          "type": "renderModule",
          "assetId": "nA_GgXV5mxEW",
          "checksum": "5aee01b7cdfe970838d9177f0752b8d1"
        },
        {
          "type": "cssRules",
          "assetId": "nA_GgXV5mxEW",
          "checksum": "5aee01b7cdfe970838d9177f0752b8d1"
        },
        {
          "type": "renderModule",
          "assetId": "35vwUOYdUX87",
          "checksum": "83f8e2569d52e3c1684d5642dd3a894f"
        },
        {
          "type": "cssRules",
          "assetId": "35vwUOYdUX87",
          "checksum": "83f8e2569d52e3c1684d5642dd3a894f"
        },
        {
          "type": "renderModule",
          "assetId": "qU4-tv66hXdh",
          "checksum": "f911a4f0e18a781828e42e3c0569bc39"
        },
        {
          "type": "cssRules",
          "assetId": "qU4-tv66hXdh",
          "checksum": "f911a4f0e18a781828e42e3c0569bc39"
        },
        {
          "type": "renderModule",
          "assetId": "SBcorS0J8ajp",
          "checksum": "da59982cc6c4e1273c942ca5272fd12a"
        },
        {
          "type": "cssRules",
          "assetId": "SBcorS0J8ajp",
          "checksum": "da59982cc6c4e1273c942ca5272fd12a"
        },
        {
          "type": "renderModule",
          "assetId": "Bvcm4PjzJBd8",
          "checksum": "61fa54f1b0cf61e42c33fdda4cb08300"
        },
        {
          "type": "cssRules",
          "assetId": "Bvcm4PjzJBd8",
          "checksum": "61fa54f1b0cf61e42c33fdda4cb08300"
        },
        {
          "type": "renderModule",
          "assetId": "X6vIyl-hUPim",
          "checksum": "5ab659a0bae51f9b49f8c1bc212d9993"
        },
        {
          "type": "cssRules",
          "assetId": "X6vIyl-hUPim",
          "checksum": "5ab659a0bae51f9b49f8c1bc212d9993"
        },
        {
          "type": "renderModule",
          "assetId": "ntYs5RkH7Wwi",
          "checksum": "86fb44bf71dbe29236f857e079e9eead"
        },
        {
          "type": "cssRules",
          "assetId": "ntYs5RkH7Wwi",
          "checksum": "86fb44bf71dbe29236f857e079e9eead"
        },
        {
          "type": "renderModule",
          "assetId": "Z5K_XiJUvXFD",
          "checksum": "cdcc628461e48dd827a842972b92a710"
        },
        {
          "type": "cssRules",
          "assetId": "Z5K_XiJUvXFD",
          "checksum": "cdcc628461e48dd827a842972b92a710"
        },
        {
          "type": "renderModule",
          "assetId": "hzanYC1FO-Wr",
          "checksum": "719f201fbc9bc1ae89481e895f86dae2"
        },
        {
          "type": "cssRules",
          "assetId": "hzanYC1FO-Wr",
          "checksum": "719f201fbc9bc1ae89481e895f86dae2"
        },
        {
          "type": "renderModule",
          "assetId": "OC23iWRW1Dia",
          "checksum": "d84356654614e81450e781736d63b97c"
        },
        {
          "type": "cssRules",
          "assetId": "OC23iWRW1Dia",
          "checksum": "d84356654614e81450e781736d63b97c"
        },
        {
          "type": "renderModule",
          "assetId": "Lt7HZLy_mQCZ",
          "checksum": "4cf4620feceea516e60c988ed68a6c32"
        },
        {
          "type": "cssRules",
          "assetId": "Lt7HZLy_mQCZ",
          "checksum": "4cf4620feceea516e60c988ed68a6c32"
        },
        {
          "type": "renderModule",
          "assetId": "N8MUho5TZvBe",
          "checksum": "b7a1f352a16ea0878dbd92ea63e6fd0f"
        },
        {
          "type": "cssRules",
          "assetId": "N8MUho5TZvBe",
          "checksum": "b7a1f352a16ea0878dbd92ea63e6fd0f"
        },
        {
          "type": "renderModule",
          "assetId": "eB9_wsyhXmu5",
          "checksum": "36b7192cf839250eaf0f296ea2cefcb6"
        },
        {
          "type": "cssRules",
          "assetId": "eB9_wsyhXmu5",
          "checksum": "36b7192cf839250eaf0f296ea2cefcb6"
        },
        {
          "type": "renderModule",
          "assetId": "GKz-Lh1X9Vdq",
          "checksum": "750564b522da1762dad32936500609ed"
        },
        {
          "type": "cssRules",
          "assetId": "GKz-Lh1X9Vdq",
          "checksum": "750564b522da1762dad32936500609ed"
        },
        {
          "type": "renderModule",
          "assetId": "SNiC1tNNivYG",
          "checksum": "9a5feec08d53c4135591e1ccb4094f7a"
        },
        {
          "type": "cssRules",
          "assetId": "SNiC1tNNivYG",
          "checksum": "9a5feec08d53c4135591e1ccb4094f7a"
        },
        {
          "type": "renderModule",
          "assetId": "WC4zcEVYQzEC",
          "checksum": "6d8d03ba5ca28a55403d5fa5d21f1afd"
        },
        {
          "type": "cssRules",
          "assetId": "WC4zcEVYQzEC",
          "checksum": "6d8d03ba5ca28a55403d5fa5d21f1afd"
        },
        {
          "type": "renderModule",
          "assetId": "p2ixA7V1voJv",
          "checksum": "5ff2c0b1a24f80f2577ea89105ae76d6"
        },
        {
          "type": "cssRules",
          "assetId": "p2ixA7V1voJv",
          "checksum": "5ff2c0b1a24f80f2577ea89105ae76d6"
        },
        {
          "type": "renderModule",
          "assetId": "LCOgDdMa8kxO",
          "checksum": "01f59fcb5f5cc0aac25046cb0b3a1b85"
        },
        {
          "type": "cssRules",
          "assetId": "LCOgDdMa8kxO",
          "checksum": "01f59fcb5f5cc0aac25046cb0b3a1b85"
        },
        {
          "type": "renderModule",
          "assetId": "9I3tpcyd3g2y",
          "checksum": "ca05bffaf9ded8d3d06f1a845d5a3275"
        },
        {
          "type": "cssRules",
          "assetId": "9I3tpcyd3g2y",
          "checksum": "ca05bffaf9ded8d3d06f1a845d5a3275"
        },
        {
          "type": "renderModule",
          "assetId": "U2aZfSUKx5oQ",
          "checksum": "acdad08150d9050b2eb7bb8850ea319b"
        },
        {
          "type": "cssRules",
          "assetId": "U2aZfSUKx5oQ",
          "checksum": "acdad08150d9050b2eb7bb8850ea319b"
        },
        {
          "type": "renderModule",
          "assetId": "VmG209fK2-rp",
          "checksum": "ff356692090edbed41750113d004298e"
        },
        {
          "type": "cssRules",
          "assetId": "VmG209fK2-rp",
          "checksum": "ff356692090edbed41750113d004298e"
        },
        {
          "type": "renderModule",
          "assetId": "qe20xTbxVmkB",
          "checksum": "59bd68f3b2e304a5fa68042954b23537"
        },
        {
          "type": "cssRules",
          "assetId": "qe20xTbxVmkB",
          "checksum": "59bd68f3b2e304a5fa68042954b23537"
        },
        {
          "type": "renderModule",
          "assetId": "d_qMEJ14UZf0",
          "checksum": "39ffee7e36a2f70175313c07ae22c205"
        },
        {
          "type": "cssRules",
          "assetId": "d_qMEJ14UZf0",
          "checksum": "39ffee7e36a2f70175313c07ae22c205"
        },
        {
          "type": "renderModule",
          "assetId": "wpkArHt5O9Fa",
          "checksum": "2bce02e712aefe831944b1bb5a1108b3"
        },
        {
          "type": "cssRules",
          "assetId": "wpkArHt5O9Fa",
          "checksum": "2bce02e712aefe831944b1bb5a1108b3"
        },
        {
          "type": "renderModule",
          "assetId": "kiuZ6fZVjKcZ",
          "checksum": "adb7894bcbdff5a57a16af1bb720fb40"
        },
        {
          "type": "cssRules",
          "assetId": "kiuZ6fZVjKcZ",
          "checksum": "adb7894bcbdff5a57a16af1bb720fb40"
        },
        {
          "type": "renderModule",
          "assetId": "ob3Y6-WV9T3i",
          "checksum": "688558e9a9773d3b6967bf85be47876e"
        },
        {
          "type": "cssRules",
          "assetId": "ob3Y6-WV9T3i",
          "checksum": "688558e9a9773d3b6967bf85be47876e"
        },
        {
          "type": "renderModule",
          "assetId": "PfB5nhEPkWQb",
          "checksum": "1ee2f9e876ada170a5e549386e3912c1"
        },
        {
          "type": "cssRules",
          "assetId": "PfB5nhEPkWQb",
          "checksum": "1ee2f9e876ada170a5e549386e3912c1"
        },
        {
          "type": "renderModule",
          "assetId": "TJ3HSI2L1TNq",
          "checksum": "a87612aa16e57e7d4bf37ef2c8104a02"
        },
        {
          "type": "cssRules",
          "assetId": "TJ3HSI2L1TNq",
          "checksum": "a87612aa16e57e7d4bf37ef2c8104a02"
        },
        {
          "type": "renderModule",
          "assetId": "NqExHRSculUA",
          "checksum": "712ed3d8f85b3548a622897684641d14"
        },
        {
          "type": "cssRules",
          "assetId": "NqExHRSculUA",
          "checksum": "712ed3d8f85b3548a622897684641d14"
        },
        {
          "type": "renderModule",
          "assetId": "d6rjYjjJdnoM",
          "checksum": "03a9f49a238cc967387a34ef41db77b2"
        },
        {
          "type": "cssRules",
          "assetId": "d6rjYjjJdnoM",
          "checksum": "03a9f49a238cc967387a34ef41db77b2"
        },
        {
          "type": "renderModule",
          "assetId": "_bc7j5YswB_4",
          "checksum": "3929f9ba4804fe54063fb5892d7b63dc"
        },
        {
          "type": "cssRules",
          "assetId": "_bc7j5YswB_4",
          "checksum": "3929f9ba4804fe54063fb5892d7b63dc"
        },
        {
          "type": "renderModule",
          "assetId": "1wLvQ8HDbFwn",
          "checksum": "59d659b5a605c4a697a62294dff726d5"
        },
        {
          "type": "cssRules",
          "assetId": "1wLvQ8HDbFwn",
          "checksum": "59d659b5a605c4a697a62294dff726d5"
        },
        {
          "type": "renderModule",
          "assetId": "lAG0P4d7Ry18",
          "checksum": "885219153f1759d5285e58b66595f3aa"
        },
        {
          "type": "cssRules",
          "assetId": "lAG0P4d7Ry18",
          "checksum": "885219153f1759d5285e58b66595f3aa"
        },
        {
          "type": "renderModule",
          "assetId": "KmDr0VPQLI2_",
          "checksum": "6868ce0c1ea686964c0a3bd954502c91"
        },
        {
          "type": "cssRules",
          "assetId": "KmDr0VPQLI2_",
          "checksum": "6868ce0c1ea686964c0a3bd954502c91"
        },
        {
          "type": "renderModule",
          "assetId": "HnQNuSjSSQcZ",
          "checksum": "1d43ba43d63acc706618db6bfa1417ab"
        },
        {
          "type": "cssRules",
          "assetId": "HnQNuSjSSQcZ",
          "checksum": "1d43ba43d63acc706618db6bfa1417ab"
        },
        {
          "type": "renderModule",
          "assetId": "4XueZ64JE9vm",
          "checksum": "e7c2eda3c56b43459c9ed5d5660c8574"
        },
        {
          "type": "cssRules",
          "assetId": "4XueZ64JE9vm",
          "checksum": "e7c2eda3c56b43459c9ed5d5660c8574"
        },
        {
          "type": "renderModule",
          "assetId": "yb2GxUTcIaA5",
          "checksum": "651eecbec162efdb00b7fb2ac16f463e"
        },
        {
          "type": "cssRules",
          "assetId": "yb2GxUTcIaA5",
          "checksum": "651eecbec162efdb00b7fb2ac16f463e"
        },
        {
          "type": "renderModule",
          "assetId": "ARWFU9130hug",
          "checksum": "0948963080f7906febf3c8aa9e71f57a"
        },
        {
          "type": "cssRules",
          "assetId": "ARWFU9130hug",
          "checksum": "0948963080f7906febf3c8aa9e71f57a"
        },
        {
          "type": "icon",
          "assetId": "6y6ixEKeF2Sb",
          "checksum": "efa55edb3108f502e217b10430704b7b"
        },
        {
          "type": "icon",
          "assetId": "Cfw-VAdl-_5E",
          "checksum": "dfa5243fc55bd5644e56d900f75eb34b"
        },
        {
          "type": "icon",
          "assetId": "I0wBVQs9owLc",
          "checksum": "a12e5c195d105f923a6a316400c5b542"
        },
        {
          "type": "icon",
          "assetId": "nQ30xGCSvdv7",
          "checksum": "94901b1850668c4892cefafdece11305"
        },
        {
          "type": "icon",
          "assetId": "3UgV7ahdtn5G",
          "checksum": "67ef1b695640d30041787040d9c92ed1"
        },
        {
          "type": "icon",
          "assetId": "tkxrJJPajidE",
          "checksum": "02a8095cf317fd5d9bb9ef51da8e8af8"
        },
        {
          "type": "icon",
          "assetId": "0FBISMQsRLkp",
          "checksum": "414ade5784deba7ae8263d06e223c69c"
        },
        {
          "type": "icon",
          "assetId": "TnnJDmwgAOL7",
          "checksum": "c2628530d2f7c152d7f6f41f1a54ef26"
        },
        {
          "type": "icon",
          "assetId": "QrVR5pllCw55",
          "checksum": "9e05a6adc9df82e4fbb3bc72e7221c20"
        },
        {
          "type": "icon",
          "assetId": "2fxvviUbNC5l",
          "checksum": "2b2799aaa9a47b2f121becac902152de"
        },
        {
          "type": "icon",
          "assetId": "bfqtb2xTeMAi",
          "checksum": "5f5c52c0fce48c6a344721ef68bce863"
        },
        {
          "type": "icon",
          "assetId": "HnIeAbFI8qzj",
          "checksum": "28bea82a3d525281faa1cc967915a349"
        },
        {
          "type": "icon",
          "assetId": "0qi3rtYnBR5p",
          "checksum": "05f27d1faa2fe99ad125ff2ac91f2170"
        },
        {
          "type": "icon",
          "assetId": "IrGZtNznvLs2",
          "checksum": "52408496c8a89a3a978a686c4a7c3c34"
        },
        {
          "type": "icon",
          "assetId": "E9NGWfCxi3aB",
          "checksum": "b8c0eab0747cf6f8dcdaf1654d109117"
        },
        {
          "type": "icon",
          "assetId": "eKLBqU_Fr5SV",
          "checksum": "7c73ca0a02904a8d41c3884ecd60646e"
        },
        {
          "type": "icon",
          "assetId": "hYUK7_Ew7oOx",
          "checksum": "e58afb22217e807b2b06f464e2697e90"
        },
        {
          "type": "icon",
          "assetId": "9sQVBJngUq-E",
          "checksum": "483bd0f9133091518a08e4578e7f795d"
        },
        {
          "type": "icon",
          "assetId": "C5_Pw_14PsnQ",
          "checksum": "22f0f767e70ac38866be02c1a193c1d7"
        },
        {
          "type": "icon",
          "assetId": "gfQyZuOHl54J",
          "checksum": "0746a216d376afe2e0f0af3b6f64a6d0"
        },
        {
          "type": "icon",
          "assetId": "jX-MgKdWVzUV",
          "checksum": "1aa41d3befe552f60769d46599d7f05d"
        },
        {
          "type": "icon",
          "assetId": "QrVttjJ1QGdp",
          "checksum": "1d4c17bbb80865c89b603e168fb447a2"
        },
        {
          "type": "icon",
          "assetId": "4V-TWoJLDufJ",
          "checksum": "e94ed0f4e1324cfcdedd8c6723ed3edf"
        },
        {
          "type": "icon",
          "assetId": "1c4VKcJb9X7m",
          "checksum": "03fe39760f07d17b7d7ba80533f2bbc1"
        },
        {
          "type": "icon",
          "assetId": "b2YDtQiXaU1z",
          "checksum": "d5ed47aabbac72840ec6cae47b528210"
        },
        {
          "type": "icon",
          "assetId": "GcSkUNamgvSO",
          "checksum": "3032c5f76d8efab9bfde9f1925d0d076"
        },
        {
          "type": "icon",
          "assetId": "vlCmE3w6cyj4",
          "checksum": "fec90ed030c8639d2ca55692c2c74427"
        },
        {
          "type": "icon",
          "assetId": "dmsTq8tbJsQF",
          "checksum": "fac2948ba45d514113b9ee3c4e510283"
        },
        {
          "type": "icon",
          "assetId": "QVb8rQomttHU",
          "checksum": "5a64c0e72680b9af76bdef41aca5f168"
        },
        {
          "type": "icon",
          "assetId": "p9-PgI1tke7I",
          "checksum": "a6803eaacbc97b468c6200c50d828ab5"
        },
        {
          "type": "icon",
          "assetId": "rTJSPdQduhvU",
          "checksum": "0dc3da563b2fae24a235508874922c03"
        },
        {
          "type": "icon",
          "assetId": "h10wdJp1eXad",
          "checksum": "de357c5f827b32ce787ac6d89645186e"
        },
        {
          "type": "icon",
          "assetId": "pdD_r88YmSVj",
          "checksum": "f534cb637ce89313086abac935efc411"
        },
        {
          "type": "icon",
          "assetId": "BmcHQiKDl3nz",
          "checksum": "19a46d053b408e07eae4168d5711c81d"
        },
        {
          "type": "icon",
          "assetId": "0DJK2nGF5vml",
          "checksum": "d3fed23438c5e3b53c05efd9dfa9e40e"
        },
        {
          "type": "icon",
          "assetId": "UEgrkBNNlA0k",
          "checksum": "53b77f7a8ae21183fa2bf9cfb5a4c440"
        },
        {
          "type": "icon",
          "assetId": "Gz4YUaFhVw-g",
          "checksum": "74179414f06c6c660ab46fedf47d7fdd"
        },
        {
          "type": "icon",
          "assetId": "yW5uO9V8qazZ",
          "checksum": "128b8817bd884d4f9a2b19c97a7ab0c9"
        },
        {
          "type": "icon",
          "assetId": "z2aQXXWFTU5x",
          "checksum": "8ecd9135dcf89355c0fcf4ca0fbfd24e"
        },
        {
          "type": "icon",
          "assetId": "CaOHNuBE-ADD",
          "checksum": "82619e02252814cee83460df296f7778"
        },
        {
          "type": "icon",
          "assetId": "7_jxAV8cTPnZ",
          "checksum": "a10e12a4c03dcb0b2ee75230e9665282"
        },
        {
          "type": "icon",
          "assetId": "BWwuwLrl9Jmd",
          "checksum": "fb89ef20d91b7896b901ee8139841417"
        },
        {
          "type": "image",
          "assetId": "kMzUGonk3GSO",
          "checksum": "140368e62053c83b4b868d882cf08e0f"
        },
        {
          "type": "image",
          "assetId": "fz0uj9IWMr22",
          "checksum": "2e41dc91d4d4471e7ab057b95da163ae"
        }
      ],
      "codegenVersion": "0.0.1"
    }
  ],
  "cliVersion": "0.1.327"
}
